
Microsoft Visual Studio Solution File, Format Version 12.00
# Visual Studio Version 17
VisualStudioVersion = 17.14.36221.1 d17.14
MinimumVisualStudioVersion = 10.0.40219.1
Project("{FAE04EC0-301F-11D3-BF4B-00C04F79EFBC}") = "zappy zappy zappy.exe", "zappy zappy zappy.exe\zappy zappy zappy.exe.csproj", "{DC23D0D5-044C-404F-B4F0-93F18B4EA2CB}"
EndProject
Global
	GlobalSection(SolutionConfigurationPlatforms) = preSolution
		Debug|Any CPU = Debug|Any CPU
		Release|Any CPU = Release|Any CPU
	EndGlobalSection
	GlobalSection(ProjectConfigurationPlatforms) = postSolution
		{DC23D0D5-044C-404F-B4F0-93F18B4EA2CB}.Debug|Any CPU.ActiveCfg = Debug|Any CPU
		{DC23D0D5-044C-404F-B4F0-93F18B4EA2CB}.Debug|Any CPU.Build.0 = Debug|Any CPU
		{DC23D0D5-044C-404F-B4F0-93F18B4EA2CB}.Release|Any CPU.ActiveCfg = Release|Any CPU
		{DC23D0D5-044C-404F-B4F0-93F18B4EA2CB}.Release|Any CPU.Build.0 = Release|Any CPU
	EndGlobalSection
	GlobalSection(SolutionProperties) = preSolution
		HideSolutionNode = FALSE
	EndGlobalSection
	GlobalSection(ExtensibilityGlobals) = postSolution
		SolutionGuid = {D95F7EFE-CAF8-4A3F-8A06-66F546603667}
	EndGlobalSection
EndGlobal
